
Microsoft Visual Studio Solution File, Format Version 12.00
# Visual Studio 15
VisualStudioVersion = 15.0.27428.2005
MinimumVisualStudioVersion = 10.0.40219.1
Project("{FAE04EC0-301F-11D3-BF4B-00C04F79EFBC}") = "AcessibilidadeExemplo.Android", "AcessibilidadeExemplo\AcessibilidadeExemplo.Android\AcessibilidadeExemplo.Android.csproj", "{F2FD062C-98C3-46A4-9D53-C4DECE7246E1}"
EndProject
Project("{FAE04EC0-301F-11D3-BF4B-00C04F79EFBC}") = "AcessibilidadeExemplo.iOS", "AcessibilidadeExemplo\AcessibilidadeExemplo.iOS\AcessibilidadeExemplo.iOS.csproj", "{6AECBC40-3275-4D9E-A94B-B1DC24B02EDF}"
EndProject
Project("{FAE04EC0-301F-11D3-BF4B-00C04F79EFBC}") = "AcessibilidadeExemplo.UWP", "AcessibilidadeExemplo\AcessibilidadeExemplo.UWP\AcessibilidadeExemplo.UWP.csproj", "{9C46E002-03AF-48F2-876E-498F9C83C3DE}"
EndProject
Project("{FAE04EC0-301F-11D3-BF4B-00C04F79EFBC}") = "AcessibilidadeExemplo", "AcessibilidadeExemplo\AcessibilidadeExemplo\AcessibilidadeExemplo.csproj", "{C9C05C07-7E83-40D3-8057-C45C7B16A92F}"
EndProject
Global
	GlobalSection(SolutionConfigurationPlatforms) = preSolution
		Ad-Hoc|Any CPU = Ad-Hoc|Any CPU
		Ad-Hoc|ARM = Ad-Hoc|ARM
		Ad-Hoc|iPhone = Ad-Hoc|iPhone
		Ad-Hoc|iPhoneSimulator = Ad-Hoc|iPhoneSimulator
		Ad-Hoc|x64 = Ad-Hoc|x64
		Ad-Hoc|x86 = Ad-Hoc|x86
		AppStore|Any CPU = AppStore|Any CPU
		AppStore|ARM = AppStore|ARM
		AppStore|iPhone = AppStore|iPhone
		AppStore|iPhoneSimulator = AppStore|iPhoneSimulator
		AppStore|x64 = AppStore|x64
		AppStore|x86 = AppStore|x86
		Debug|Any CPU = Debug|Any CPU
		Debug|ARM = Debug|ARM
		Debug|iPhone = Debug|iPhone
		Debug|iPhoneSimulator = Debug|iPhoneSimulator
		Debug|x64 = Debug|x64
		Debug|x86 = Debug|x86
		Release|Any CPU = Release|Any CPU
		Release|ARM = Release|ARM
		Release|iPhone = Release|iPhone
		Release|iPhoneSimulator = Release|iPhoneSimulator
		Release|x64 = Release|x64
		Release|x86 = Release|x86
	EndGlobalSection
	GlobalSection(ProjectConfigurationPlatforms) = postSolution
		{F2FD062C-98C3-46A4-9D53-C4DECE7246E1}.Ad-Hoc|Any CPU.ActiveCfg = Release|Any CPU
		{F2FD062C-98C3-46A4-9D53-C4DECE7246E1}.Ad-Hoc|Any CPU.Build.0 = Release|Any CPU
		{F2FD062C-98C3-46A4-9D53-C4DECE7246E1}.Ad-Hoc|Any CPU.Deploy.0 = Release|Any CPU
		{F2FD062C-98C3-46A4-9D53-C4DECE7246E1}.Ad-Hoc|ARM.ActiveCfg = Release|Any CPU
		{F2FD062C-98C3-46A4-9D53-C4DECE7246E1}.Ad-Hoc|ARM.Build.0 = Release|Any CPU
		{F2FD062C-98C3-46A4-9D53-C4DECE7246E1}.Ad-Hoc|ARM.Deploy.0 = Release|Any CPU
		{F2FD062C-98C3-46A4-9D53-C4DECE7246E1}.Ad-Hoc|iPhone.ActiveCfg = Release|Any CPU
		{F2FD062C-98C3-46A4-9D53-C4DECE7246E1}.Ad-Hoc|iPhone.Build.0 = Release|Any CPU
		{F2FD062C-98C3-46A4-9D53-C4DECE7246E1}.Ad-Hoc|iPhone.Deploy.0 = Release|Any CPU
		{F2FD062C-98C3-46A4-9D53-C4DECE7246E1}.Ad-Hoc|iPhoneSimulator.ActiveCfg = Release|Any CPU
		{F2FD062C-98C3-46A4-9D53-C4DECE7246E1}.Ad-Hoc|iPhoneSimulator.Build.0 = Release|Any CPU
		{F2FD062C-98C3-46A4-9D53-C4DECE7246E1}.Ad-Hoc|iPhoneSimulator.Deploy.0 = Release|Any CPU
		{F2FD062C-98C3-46A4-9D53-C4DECE7246E1}.Ad-Hoc|x64.ActiveCfg = Release|Any CPU
		{F2FD062C-98C3-46A4-9D53-C4DECE7246E1}.Ad-Hoc|x64.Build.0 = Release|Any CPU
		{F2FD062C-98C3-46A4-9D53-C4DECE7246E1}.Ad-Hoc|x64.Deploy.0 = Release|Any CPU
		{F2FD062C-98C3-46A4-9D53-C4DECE7246E1}.Ad-Hoc|x86.ActiveCfg = Release|Any CPU
		{F2FD062C-98C3-46A4-9D53-C4DECE7246E1}.Ad-Hoc|x86.Build.0 = Release|Any CPU
		{F2FD062C-98C3-46A4-9D53-C4DECE7246E1}.Ad-Hoc|x86.Deploy.0 = Release|Any CPU
		{F2FD062C-98C3-46A4-9D53-C4DECE7246E1}.AppStore|Any CPU.ActiveCfg = Release|Any CPU
		{F2FD062C-98C3-46A4-9D53-C4DECE7246E1}.AppStore|Any CPU.Build.0 = Release|Any CPU
		{F2FD062C-98C3-46A4-9D53-C4DECE7246E1}.AppStore|Any CPU.Deploy.0 = Release|Any CPU
		{F2FD062C-98C3-46A4-9D53-C4DECE7246E1}.AppStore|ARM.ActiveCfg = Release|Any CPU
		{F2FD062C-98C3-46A4-9D53-C4DECE7246E1}.AppStore|ARM.Build.0 = Release|Any CPU
		{F2FD062C-98C3-46A4-9D53-C4DECE7246E1}.AppStore|ARM.Deploy.0 = Release|Any CPU
		{F2FD062C-98C3-46A4-9D53-C4DECE7246E1}.AppStore|iPhone.ActiveCfg = Release|Any CPU
		{F2FD062C-98C3-46A4-9D53-C4DECE7246E1}.AppStore|iPhone.Build.0 = Release|Any CPU
		{F2FD062C-98C3-46A4-9D53-C4DECE7246E1}.AppStore|iPhone.Deploy.0 = Release|Any CPU
		{F2FD062C-98C3-46A4-9D53-C4DECE7246E1}.AppStore|iPhoneSimulator.ActiveCfg = Release|Any CPU
		{F2FD062C-98C3-46A4-9D53-C4DECE7246E1}.AppStore|iPhoneSimulator.Build.0 = Release|Any CPU
		{F2FD062C-98C3-46A4-9D53-C4DECE7246E1}.AppStore|iPhoneSimulator.Deploy.0 = Release|Any CPU
		{F2FD062C-98C3-46A4-9D53-C4DECE7246E1}.AppStore|x64.ActiveCfg = Release|Any CPU
		{F2FD062C-98C3-46A4-9D53-C4DECE7246E1}.AppStore|x64.Build.0 = Release|Any CPU
		{F2FD062C-98C3-46A4-9D53-C4DECE7246E1}.AppStore|x64.Deploy.0 = Release|Any CPU
		{F2FD062C-98C3-46A4-9D53-C4DECE7246E1}.AppStore|x86.ActiveCfg = Release|Any CPU
		{F2FD062C-98C3-46A4-9D53-C4DECE7246E1}.AppStore|x86.Build.0 = Release|Any CPU
		{F2FD062C-98C3-46A4-9D53-C4DECE7246E1}.AppStore|x86.Deploy.0 = Release|Any CPU
		{F2FD062C-98C3-46A4-9D53-C4DECE7246E1}.Debug|Any CPU.ActiveCfg = Debug|Any CPU
		{F2FD062C-98C3-46A4-9D53-C4DECE7246E1}.Debug|Any CPU.Build.0 = Debug|Any CPU
		{F2FD062C-98C3-46A4-9D53-C4DECE7246E1}.Debug|Any CPU.Deploy.0 = Debug|Any CPU
		{F2FD062C-98C3-46A4-9D53-C4DECE7246E1}.Debug|ARM.ActiveCfg = Debug|Any CPU
		{F2FD062C-98C3-46A4-9D53-C4DECE7246E1}.Debug|ARM.Build.0 = Debug|Any CPU
		{F2FD062C-98C3-46A4-9D53-C4DECE7246E1}.Debug|ARM.Deploy.0 = Debug|Any CPU
		{F2FD062C-98C3-46A4-9D53-C4DECE7246E1}.Debug|iPhone.ActiveCfg = Debug|Any CPU
		{F2FD062C-98C3-46A4-9D53-C4DECE7246E1}.Debug|iPhone.Build.0 = Debug|Any CPU
		{F2FD062C-98C3-46A4-9D53-C4DECE7246E1}.Debug|iPhone.Deploy.0 = Debug|Any CPU
		{F2FD062C-98C3-46A4-9D53-C4DECE7246E1}.Debug|iPhoneSimulator.ActiveCfg = Debug|Any CPU
		{F2FD062C-98C3-46A4-9D53-C4DECE7246E1}.Debug|iPhoneSimulator.Build.0 = Debug|Any CPU
		{F2FD062C-98C3-46A4-9D53-C4DECE7246E1}.Debug|iPhoneSimulator.Deploy.0 = Debug|Any CPU
		{F2FD062C-98C3-46A4-9D53-C4DECE7246E1}.Debug|x64.ActiveCfg = Debug|Any CPU
		{F2FD062C-98C3-46A4-9D53-C4DECE7246E1}.Debug|x64.Build.0 = Debug|Any CPU
		{F2FD062C-98C3-46A4-9D53-C4DECE7246E1}.Debug|x64.Deploy.0 = Debug|Any CPU
		{F2FD062C-98C3-46A4-9D53-C4DECE7246E1}.Debug|x86.ActiveCfg = Debug|Any CPU
		{F2FD062C-98C3-46A4-9D53-C4DECE7246E1}.Debug|x86.Build.0 = Debug|Any CPU
		{F2FD062C-98C3-46A4-9D53-C4DECE7246E1}.Debug|x86.Deploy.0 = Debug|Any CPU
		{F2FD062C-98C3-46A4-9D53-C4DECE7246E1}.Release|Any CPU.ActiveCfg = Release|Any CPU
		{F2FD062C-98C3-46A4-9D53-C4DECE7246E1}.Release|Any CPU.Build.0 = Release|Any CPU
		{F2FD062C-98C3-46A4-9D53-C4DECE7246E1}.Release|Any CPU.Deploy.0 = Release|Any CPU
		{F2FD062C-98C3-46A4-9D53-C4DECE7246E1}.Release|ARM.ActiveCfg = Release|Any CPU
		{F2FD062C-98C3-46A4-9D53-C4DECE7246E1}.Release|ARM.Build.0 = Release|Any CPU
		{F2FD062C-98C3-46A4-9D53-C4DECE7246E1}.Release|ARM.Deploy.0 = Release|Any CPU
		{F2FD062C-98C3-46A4-9D53-C4DECE7246E1}.Release|iPhone.ActiveCfg = Release|Any CPU
		{F2FD062C-98C3-46A4-9D53-C4DECE7246E1}.Release|iPhone.Build.0 = Release|Any CPU
		{F2FD062C-98C3-46A4-9D53-C4DECE7246E1}.Release|iPhone.Deploy.0 = Release|Any CPU
		{F2FD062C-98C3-46A4-9D53-C4DECE7246E1}.Release|iPhoneSimulator.ActiveCfg = Release|Any CPU
		{F2FD062C-98C3-46A4-9D53-C4DECE7246E1}.Release|iPhoneSimulator.Build.0 = Release|Any CPU
		{F2FD062C-98C3-46A4-9D53-C4DECE7246E1}.Release|iPhoneSimulator.Deploy.0 = Release|Any CPU
		{F2FD062C-98C3-46A4-9D53-C4DECE7246E1}.Release|x64.ActiveCfg = Release|Any CPU
		{F2FD062C-98C3-46A4-9D53-C4DECE7246E1}.Release|x64.Build.0 = Release|Any CPU
		{F2FD062C-98C3-46A4-9D53-C4DECE7246E1}.Release|x64.Deploy.0 = Release|Any CPU
		{F2FD062C-98C3-46A4-9D53-C4DECE7246E1}.Release|x86.ActiveCfg = Release|Any CPU
		{F2FD062C-98C3-46A4-9D53-C4DECE7246E1}.Release|x86.Build.0 = Release|Any CPU
		{F2FD062C-98C3-46A4-9D53-C4DECE7246E1}.Release|x86.Deploy.0 = Release|Any CPU
		{6AECBC40-3275-4D9E-A94B-B1DC24B02EDF}.Ad-Hoc|Any CPU.ActiveCfg = Ad-Hoc|iPhone
		{6AECBC40-3275-4D9E-A94B-B1DC24B02EDF}.Ad-Hoc|ARM.ActiveCfg = Ad-Hoc|iPhone
		{6AECBC40-3275-4D9E-A94B-B1DC24B02EDF}.Ad-Hoc|iPhone.ActiveCfg = Ad-Hoc|iPhone
		{6AECBC40-3275-4D9E-A94B-B1DC24B02EDF}.Ad-Hoc|iPhone.Build.0 = Ad-Hoc|iPhone
		{6AECBC40-3275-4D9E-A94B-B1DC24B02EDF}.Ad-Hoc|iPhoneSimulator.ActiveCfg = Ad-Hoc|iPhoneSimulator
		{6AECBC40-3275-4D9E-A94B-B1DC24B02EDF}.Ad-Hoc|iPhoneSimulator.Build.0 = Ad-Hoc|iPhoneSimulator
		{6AECBC40-3275-4D9E-A94B-B1DC24B02EDF}.Ad-Hoc|x64.ActiveCfg = Ad-Hoc|iPhone
		{6AECBC40-3275-4D9E-A94B-B1DC24B02EDF}.Ad-Hoc|x86.ActiveCfg = Ad-Hoc|iPhone
		{6AECBC40-3275-4D9E-A94B-B1DC24B02EDF}.AppStore|Any CPU.ActiveCfg = AppStore|iPhone
		{6AECBC40-3275-4D9E-A94B-B1DC24B02EDF}.AppStore|ARM.ActiveCfg = AppStore|iPhone
		{6AECBC40-3275-4D9E-A94B-B1DC24B02EDF}.AppStore|iPhone.ActiveCfg = AppStore|iPhone
		{6AECBC40-3275-4D9E-A94B-B1DC24B02EDF}.AppStore|iPhone.Build.0 = AppStore|iPhone
		{6AECBC40-3275-4D9E-A94B-B1DC24B02EDF}.AppStore|iPhoneSimulator.ActiveCfg = AppStore|iPhoneSimulator
		{6AECBC40-3275-4D9E-A94B-B1DC24B02EDF}.AppStore|iPhoneSimulator.Build.0 = AppStore|iPhoneSimulator
		{6AECBC40-3275-4D9E-A94B-B1DC24B02EDF}.AppStore|x64.ActiveCfg = AppStore|iPhone
		{6AECBC40-3275-4D9E-A94B-B1DC24B02EDF}.AppStore|x86.ActiveCfg = AppStore|iPhone
		{6AECBC40-3275-4D9E-A94B-B1DC24B02EDF}.Debug|Any CPU.ActiveCfg = Debug|iPhone
		{6AECBC40-3275-4D9E-A94B-B1DC24B02EDF}.Debug|ARM.ActiveCfg = Debug|iPhone
		{6AECBC40-3275-4D9E-A94B-B1DC24B02EDF}.Debug|iPhone.ActiveCfg = Debug|iPhone
		{6AECBC40-3275-4D9E-A94B-B1DC24B02EDF}.Debug|iPhone.Build.0 = Debug|iPhone
		{6AECBC40-3275-4D9E-A94B-B1DC24B02EDF}.Debug|iPhoneSimulator.ActiveCfg = Debug|iPhoneSimulator
		{6AECBC40-3275-4D9E-A94B-B1DC24B02EDF}.Debug|iPhoneSimulator.Build.0 = Debug|iPhoneSimulator
		{6AECBC40-3275-4D9E-A94B-B1DC24B02EDF}.Debug|x64.ActiveCfg = Debug|iPhone
		{6AECBC40-3275-4D9E-A94B-B1DC24B02EDF}.Debug|x86.ActiveCfg = Debug|iPhone
		{6AECBC40-3275-4D9E-A94B-B1DC24B02EDF}.Release|Any CPU.ActiveCfg = Release|iPhone
		{6AECBC40-3275-4D9E-A94B-B1DC24B02EDF}.Release|ARM.ActiveCfg = Release|iPhone
		{6AECBC40-3275-4D9E-A94B-B1DC24B02EDF}.Release|iPhone.ActiveCfg = Release|iPhone
		{6AECBC40-3275-4D9E-A94B-B1DC24B02EDF}.Release|iPhone.Build.0 = Release|iPhone
		{6AECBC40-3275-4D9E-A94B-B1DC24B02EDF}.Release|iPhoneSimulator.ActiveCfg = Release|iPhoneSimulator
		{6AECBC40-3275-4D9E-A94B-B1DC24B02EDF}.Release|iPhoneSimulator.Build.0 = Release|iPhoneSimulator
		{6AECBC40-3275-4D9E-A94B-B1DC24B02EDF}.Release|x64.ActiveCfg = Release|iPhone
		{6AECBC40-3275-4D9E-A94B-B1DC24B02EDF}.Release|x86.ActiveCfg = Release|iPhone
		{9C46E002-03AF-48F2-876E-498F9C83C3DE}.Ad-Hoc|Any CPU.ActiveCfg = Release|x86
		{9C46E002-03AF-48F2-876E-498F9C83C3DE}.Ad-Hoc|Any CPU.Build.0 = Release|x86
		{9C46E002-03AF-48F2-876E-498F9C83C3DE}.Ad-Hoc|Any CPU.Deploy.0 = Release|x86
		{9C46E002-03AF-48F2-876E-498F9C83C3DE}.Ad-Hoc|ARM.ActiveCfg = Release|ARM
		{9C46E002-03AF-48F2-876E-498F9C83C3DE}.Ad-Hoc|ARM.Build.0 = Release|ARM
		{9C46E002-03AF-48F2-876E-498F9C83C3DE}.Ad-Hoc|ARM.Deploy.0 = Release|ARM
		{9C46E002-03AF-48F2-876E-498F9C83C3DE}.Ad-Hoc|iPhone.ActiveCfg = Release|x86
		{9C46E002-03AF-48F2-876E-498F9C83C3DE}.Ad-Hoc|iPhone.Build.0 = Release|x86
		{9C46E002-03AF-48F2-876E-498F9C83C3DE}.Ad-Hoc|iPhone.Deploy.0 = Release|x86
		{9C46E002-03AF-48F2-876E-498F9C83C3DE}.Ad-Hoc|iPhoneSimulator.ActiveCfg = Release|x86
		{9C46E002-03AF-48F2-876E-498F9C83C3DE}.Ad-Hoc|iPhoneSimulator.Build.0 = Release|x86
		{9C46E002-03AF-48F2-876E-498F9C83C3DE}.Ad-Hoc|iPhoneSimulator.Deploy.0 = Release|x86
		{9C46E002-03AF-48F2-876E-498F9C83C3DE}.Ad-Hoc|x64.ActiveCfg = Release|x64
		{9C46E002-03AF-48F2-876E-498F9C83C3DE}.Ad-Hoc|x64.Build.0 = Release|x64
		{9C46E002-03AF-48F2-876E-498F9C83C3DE}.Ad-Hoc|x64.Deploy.0 = Release|x64
		{9C46E002-03AF-48F2-876E-498F9C83C3DE}.Ad-Hoc|x86.ActiveCfg = Release|x86
		{9C46E002-03AF-48F2-876E-498F9C83C3DE}.Ad-Hoc|x86.Build.0 = Release|x86
		{9C46E002-03AF-48F2-876E-498F9C83C3DE}.Ad-Hoc|x86.Deploy.0 = Release|x86
		{9C46E002-03AF-48F2-876E-498F9C83C3DE}.AppStore|Any CPU.ActiveCfg = Release|x86
		{9C46E002-03AF-48F2-876E-498F9C83C3DE}.AppStore|Any CPU.Build.0 = Release|x86
		{9C46E002-03AF-48F2-876E-498F9C83C3DE}.AppStore|Any CPU.Deploy.0 = Release|x86
		{9C46E002-03AF-48F2-876E-498F9C83C3DE}.AppStore|ARM.ActiveCfg = Release|ARM
		{9C46E002-03AF-48F2-876E-498F9C83C3DE}.AppStore|ARM.Build.0 = Release|ARM
		{9C46E002-03AF-48F2-876E-498F9C83C3DE}.AppStore|ARM.Deploy.0 = Release|ARM
		{9C46E002-03AF-48F2-876E-498F9C83C3DE}.AppStore|iPhone.ActiveCfg = Release|x86
		{9C46E002-03AF-48F2-876E-498F9C83C3DE}.AppStore|iPhone.Build.0 = Release|x86
		{9C46E002-03AF-48F2-876E-498F9C83C3DE}.AppStore|iPhone.Deploy.0 = Release|x86
		{9C46E002-03AF-48F2-876E-498F9C83C3DE}.AppStore|iPhoneSimulator.ActiveCfg = Release|x86
		{9C46E002-03AF-48F2-876E-498F9C83C3DE}.AppStore|iPhoneSimulator.Build.0 = Release|x86
		{9C46E002-03AF-48F2-876E-498F9C83C3DE}.AppStore|iPhoneSimulator.Deploy.0 = Release|x86
		{9C46E002-03AF-48F2-876E-498F9C83C3DE}.AppStore|x64.ActiveCfg = Release|x64
		{9C46E002-03AF-48F2-876E-498F9C83C3DE}.AppStore|x64.Build.0 = Release|x64
		{9C46E002-03AF-48F2-876E-498F9C83C3DE}.AppStore|x64.Deploy.0 = Release|x64
		{9C46E002-03AF-48F2-876E-498F9C83C3DE}.AppStore|x86.ActiveCfg = Release|x86
		{9C46E002-03AF-48F2-876E-498F9C83C3DE}.AppStore|x86.Build.0 = Release|x86
		{9C46E002-03AF-48F2-876E-498F9C83C3DE}.AppStore|x86.Deploy.0 = Release|x86
		{9C46E002-03AF-48F2-876E-498F9C83C3DE}.Debug|Any CPU.ActiveCfg = Debug|x86
		{9C46E002-03AF-48F2-876E-498F9C83C3DE}.Debug|ARM.ActiveCfg = Debug|ARM
		{9C46E002-03AF-48F2-876E-498F9C83C3DE}.Debug|ARM.Build.0 = Debug|ARM
		{9C46E002-03AF-48F2-876E-498F9C83C3DE}.Debug|ARM.Deploy.0 = Debug|ARM
		{9C46E002-03AF-48F2-876E-498F9C83C3DE}.Debug|iPhone.ActiveCfg = Debug|x86
		{9C46E002-03AF-48F2-876E-498F9C83C3DE}.Debug|iPhoneSimulator.ActiveCfg = Debug|x86
		{9C46E002-03AF-48F2-876E-498F9C83C3DE}.Debug|x64.ActiveCfg = Debug|x64
		{9C46E002-03AF-48F2-876E-498F9C83C3DE}.Debug|x64.Build.0 = Debug|x64
		{9C46E002-03AF-48F2-876E-498F9C83C3DE}.Debug|x64.Deploy.0 = Debug|x64
		{9C46E002-03AF-48F2-876E-498F9C83C3DE}.Debug|x86.ActiveCfg = Debug|x86
		{9C46E002-03AF-48F2-876E-498F9C83C3DE}.Debug|x86.Build.0 = Debug|x86
		{9C46E002-03AF-48F2-876E-498F9C83C3DE}.Debug|x86.Deploy.0 = Debug|x86
		{9C46E002-03AF-48F2-876E-498F9C83C3DE}.Release|Any CPU.ActiveCfg = Release|x86
		{9C46E002-03AF-48F2-876E-498F9C83C3DE}.Release|ARM.ActiveCfg = Release|ARM
		{9C46E002-03AF-48F2-876E-498F9C83C3DE}.Release|ARM.Build.0 = Release|ARM
		{9C46E002-03AF-48F2-876E-498F9C83C3DE}.Release|ARM.Deploy.0 = Release|ARM
		{9C46E002-03AF-48F2-876E-498F9C83C3DE}.Release|iPhone.ActiveCfg = Release|x86
		{9C46E002-03AF-48F2-876E-498F9C83C3DE}.Release|iPhoneSimulator.ActiveCfg = Release|x86
		{9C46E002-03AF-48F2-876E-498F9C83C3DE}.Release|x64.ActiveCfg = Release|x64
		{9C46E002-03AF-48F2-876E-498F9C83C3DE}.Release|x64.Build.0 = Release|x64
		{9C46E002-03AF-48F2-876E-498F9C83C3DE}.Release|x64.Deploy.0 = Release|x64
		{9C46E002-03AF-48F2-876E-498F9C83C3DE}.Release|x86.ActiveCfg = Release|x86
		{9C46E002-03AF-48F2-876E-498F9C83C3DE}.Release|x86.Build.0 = Release|x86
		{9C46E002-03AF-48F2-876E-498F9C83C3DE}.Release|x86.Deploy.0 = Release|x86
		{C9C05C07-7E83-40D3-8057-C45C7B16A92F}.Ad-Hoc|Any CPU.ActiveCfg = Debug|Any CPU
		{C9C05C07-7E83-40D3-8057-C45C7B16A92F}.Ad-Hoc|Any CPU.Build.0 = Debug|Any CPU
		{C9C05C07-7E83-40D3-8057-C45C7B16A92F}.Ad-Hoc|ARM.ActiveCfg = Debug|Any CPU
		{C9C05C07-7E83-40D3-8057-C45C7B16A92F}.Ad-Hoc|ARM.Build.0 = Debug|Any CPU
		{C9C05C07-7E83-40D3-8057-C45C7B16A92F}.Ad-Hoc|iPhone.ActiveCfg = Debug|Any CPU
		{C9C05C07-7E83-40D3-8057-C45C7B16A92F}.Ad-Hoc|iPhone.Build.0 = Debug|Any CPU
		{C9C05C07-7E83-40D3-8057-C45C7B16A92F}.Ad-Hoc|iPhoneSimulator.ActiveCfg = Debug|Any CPU
		{C9C05C07-7E83-40D3-8057-C45C7B16A92F}.Ad-Hoc|iPhoneSimulator.Build.0 = Debug|Any CPU
		{C9C05C07-7E83-40D3-8057-C45C7B16A92F}.Ad-Hoc|x64.ActiveCfg = Debug|Any CPU
		{C9C05C07-7E83-40D3-8057-C45C7B16A92F}.Ad-Hoc|x64.Build.0 = Debug|Any CPU
		{C9C05C07-7E83-40D3-8057-C45C7B16A92F}.Ad-Hoc|x86.ActiveCfg = Debug|Any CPU
		{C9C05C07-7E83-40D3-8057-C45C7B16A92F}.Ad-Hoc|x86.Build.0 = Debug|Any CPU
		{C9C05C07-7E83-40D3-8057-C45C7B16A92F}.AppStore|Any CPU.ActiveCfg = Debug|Any CPU
		{C9C05C07-7E83-40D3-8057-C45C7B16A92F}.AppStore|Any CPU.Build.0 = Debug|Any CPU
		{C9C05C07-7E83-40D3-8057-C45C7B16A92F}.AppStore|ARM.ActiveCfg = Debug|Any CPU
		{C9C05C07-7E83-40D3-8057-C45C7B16A92F}.AppStore|ARM.Build.0 = Debug|Any CPU
		{C9C05C07-7E83-40D3-8057-C45C7B16A92F}.AppStore|iPhone.ActiveCfg = Debug|Any CPU
		{C9C05C07-7E83-40D3-8057-C45C7B16A92F}.AppStore|iPhone.Build.0 = Debug|Any CPU
		{C9C05C07-7E83-40D3-8057-C45C7B16A92F}.AppStore|iPhoneSimulator.ActiveCfg = Debug|Any CPU
		{C9C05C07-7E83-40D3-8057-C45C7B16A92F}.AppStore|iPhoneSimulator.Build.0 = Debug|Any CPU
		{C9C05C07-7E83-40D3-8057-C45C7B16A92F}.AppStore|x64.ActiveCfg = Debug|Any CPU
		{C9C05C07-7E83-40D3-8057-C45C7B16A92F}.AppStore|x64.Build.0 = Debug|Any CPU
		{C9C05C07-7E83-40D3-8057-C45C7B16A92F}.AppStore|x86.ActiveCfg = Debug|Any CPU
		{C9C05C07-7E83-40D3-8057-C45C7B16A92F}.AppStore|x86.Build.0 = Debug|Any CPU
		{C9C05C07-7E83-40D3-8057-C45C7B16A92F}.Debug|Any CPU.ActiveCfg = Debug|Any CPU
		{C9C05C07-7E83-40D3-8057-C45C7B16A92F}.Debug|Any CPU.Build.0 = Debug|Any CPU
		{C9C05C07-7E83-40D3-8057-C45C7B16A92F}.Debug|ARM.ActiveCfg = Debug|Any CPU
		{C9C05C07-7E83-40D3-8057-C45C7B16A92F}.Debug|ARM.Build.0 = Debug|Any CPU
		{C9C05C07-7E83-40D3-8057-C45C7B16A92F}.Debug|iPhone.ActiveCfg = Debug|Any CPU
		{C9C05C07-7E83-40D3-8057-C45C7B16A92F}.Debug|iPhone.Build.0 = Debug|Any CPU
		{C9C05C07-7E83-40D3-8057-C45C7B16A92F}.Debug|iPhoneSimulator.ActiveCfg = Debug|Any CPU
		{C9C05C07-7E83-40D3-8057-C45C7B16A92F}.Debug|iPhoneSimulator.Build.0 = Debug|Any CPU
		{C9C05C07-7E83-40D3-8057-C45C7B16A92F}.Debug|x64.ActiveCfg = Debug|Any CPU
		{C9C05C07-7E83-40D3-8057-C45C7B16A92F}.Debug|x64.Build.0 = Debug|Any CPU
		{C9C05C07-7E83-40D3-8057-C45C7B16A92F}.Debug|x86.ActiveCfg = Debug|Any CPU
		{C9C05C07-7E83-40D3-8057-C45C7B16A92F}.Debug|x86.Build.0 = Debug|Any CPU
		{C9C05C07-7E83-40D3-8057-C45C7B16A92F}.Release|Any CPU.ActiveCfg = Release|Any CPU
		{C9C05C07-7E83-40D3-8057-C45C7B16A92F}.Release|Any CPU.Build.0 = Release|Any CPU
		{C9C05C07-7E83-40D3-8057-C45C7B16A92F}.Release|ARM.ActiveCfg = Release|Any CPU
		{C9C05C07-7E83-40D3-8057-C45C7B16A92F}.Release|ARM.Build.0 = Release|Any CPU
		{C9C05C07-7E83-40D3-8057-C45C7B16A92F}.Release|iPhone.ActiveCfg = Release|Any CPU
		{C9C05C07-7E83-40D3-8057-C45C7B16A92F}.Release|iPhone.Build.0 = Release|Any CPU
		{C9C05C07-7E83-40D3-8057-C45C7B16A92F}.Release|iPhoneSimulator.ActiveCfg = Release|Any CPU
		{C9C05C07-7E83-40D3-8057-C45C7B16A92F}.Release|iPhoneSimulator.Build.0 = Release|Any CPU
		{C9C05C07-7E83-40D3-8057-C45C7B16A92F}.Release|x64.ActiveCfg = Release|Any CPU
		{C9C05C07-7E83-40D3-8057-C45C7B16A92F}.Release|x64.Build.0 = Release|Any CPU
		{C9C05C07-7E83-40D3-8057-C45C7B16A92F}.Release|x86.ActiveCfg = Release|Any CPU
		{C9C05C07-7E83-40D3-8057-C45C7B16A92F}.Release|x86.Build.0 = Release|Any CPU
	EndGlobalSection
	GlobalSection(SolutionProperties) = preSolution
		HideSolutionNode = FALSE
	EndGlobalSection
	GlobalSection(ExtensibilityGlobals) = postSolution
		SolutionGuid = {84B4F780-056C-43AD-9187-7D97AE9E2234}
	EndGlobalSection
EndGlobal
